{
  "object": {
    "pins": [
      {
        "package": "SwiftyGif",
        "repositoryURL": "https://github.com/kirualex/SwiftyGif",
        "state": {
          "branch": null,
          "revision": "d6d26061d6553a493781ad3df4a8e275c43fc373",
          "version": "5.4.4"
        }
      }
    ]
  },
  "version": 1
}
