// !$*UTF8*$!
{
	archiveVersion = 1;
	classes = {
	};
	objectVersion = 46;
	objects = {

/* Begin PBXBuildFile section */
		94318E541D32612D0096215A /* AgrumeServiceLocator.swift in Sources */ = {isa = PBXBuildFile; fileRef = 94318E531D32612D0096215A /* AgrumeServiceLocator.swift */; };
		F2539BA120F22E7700062C80 /* AgrumeOverlayView.swift in Sources */ = {isa = PBXBuildFile; fileRef = F2539BA020F22E7700062C80 /* AgrumeOverlayView.swift */; };
		F2609E23209F047200E0E93D /* AgrumeDataSource.swift in Sources */ = {isa = PBXBuildFile; fileRef = F2609E22209F047200E0E93D /* AgrumeDataSource.swift */; };
		F2609E26209F06F800E0E93D /* AgrumeImage.swift in Sources */ = {isa = PBXBuildFile; fileRef = F2609E25209F06F800E0E93D /* AgrumeImage.swift */; };
		F2609E28209F2BC600E0E93D /* Configuration.swift in Sources */ = {isa = PBXBuildFile; fileRef = F2609E27209F2BC600E0E93D /* Configuration.swift */; };
		F2609E2A209F2E0200E0E93D /* UIKit+Agrume.swift in Sources */ = {isa = PBXBuildFile; fileRef = F2609E29209F2E0200E0E93D /* UIKit+Agrume.swift */; };
		F2A51FF41B10E00700924912 /* Agrume.h in Headers */ = {isa = PBXBuildFile; fileRef = F2A51FF31B10E00700924912 /* Agrume.h */; settings = {ATTRIBUTES = (Public, ); }; };
		F2A51FFA1B10E00700924912 /* Agrume.framework in Frameworks */ = {isa = PBXBuildFile; fileRef = F2A51FEE1B10E00700924912 /* Agrume.framework */; };
		F2A5200B1B10E29B00924912 /* Agrume.swift in Sources */ = {isa = PBXBuildFile; fileRef = F2A5200A1B10E29B00924912 /* Agrume.swift */; };
		F2D9598C1B1A108800073772 /* AgrumeCell.swift in Sources */ = {isa = PBXBuildFile; fileRef = F2D9598B1B1A108800073772 /* AgrumeCell.swift */; };
		F2DC79D61B170C4B00818A8C /* ImageDownloader.swift in Sources */ = {isa = PBXBuildFile; fileRef = F2DC79D51B170C4B00818A8C /* ImageDownloader.swift */; };
		F2EE29AE209F31B800F281A2 /* Foundation+Agrume.swift in Sources */ = {isa = PBXBuildFile; fileRef = F2EE29AD209F31B800F281A2 /* Foundation+Agrume.swift */; };
/* End PBXBuildFile section */

/* Begin PBXContainerItemProxy section */
		F20B98AF21B8687600585F48 /* PBXContainerItemProxy */ = {
			isa = PBXContainerItemProxy;
			containerPortal = F20B98A921B8687600585F48 /* SwiftyGif.xcodeproj */;
			proxyType = 2;
			remoteGlobalIDString = FA29E9321CA9340E00E579D5;
			remoteInfo = SwiftyGifExample;
		};
		F20B98B121B8687600585F48 /* PBXContainerItemProxy */ = {
			isa = PBXContainerItemProxy;
			containerPortal = F20B98A921B8687600585F48 /* SwiftyGif.xcodeproj */;
			proxyType = 2;
			remoteGlobalIDString = FA29E9461CA9340F00E579D5;
			remoteInfo = SwiftyGifTests;
		};
		F20B98B321B8687600585F48 /* PBXContainerItemProxy */ = {
			isa = PBXContainerItemProxy;
			containerPortal = F20B98A921B8687600585F48 /* SwiftyGif.xcodeproj */;
			proxyType = 2;
			remoteGlobalIDString = 3B18BAF41E289899009C125A;
			remoteInfo = SwiftyGif;
		};
		F20B98B521B8688200585F48 /* PBXContainerItemProxy */ = {
			isa = PBXContainerItemProxy;
			containerPortal = F20B98A921B8687600585F48 /* SwiftyGif.xcodeproj */;
			proxyType = 1;
			remoteGlobalIDString = 3B18BAF31E289899009C125A;
			remoteInfo = SwiftyGif;
		};
		F2A51FFB1B10E00700924912 /* PBXContainerItemProxy */ = {
			isa = PBXContainerItemProxy;
			containerPortal = F2A51FE51B10E00700924912 /* Project object */;
			proxyType = 1;
			remoteGlobalIDString = F2A51FED1B10E00700924912;
			remoteInfo = Agrume;
		};
/* End PBXContainerItemProxy section */

/* Begin PBXFileReference section */
		94318E531D32612D0096215A /* AgrumeServiceLocator.swift */ = {isa = PBXFileReference; fileEncoding = 4; lastKnownFileType = sourcecode.swift; path = AgrumeServiceLocator.swift; sourceTree = "<group>"; };
		F20B98A921B8687600585F48 /* SwiftyGif.xcodeproj */ = {isa = PBXFileReference; lastKnownFileType = "wrapper.pb-project"; name = SwiftyGif.xcodeproj; path = Frameworks/SwiftyGif/SwiftyGif.xcodeproj; sourceTree = "<group>"; };
		F2539BA020F22E7700062C80 /* AgrumeOverlayView.swift */ = {isa = PBXFileReference; lastKnownFileType = sourcecode.swift; path = AgrumeOverlayView.swift; sourceTree = "<group>"; };
		F2609E22209F047200E0E93D /* AgrumeDataSource.swift */ = {isa = PBXFileReference; lastKnownFileType = sourcecode.swift; path = AgrumeDataSource.swift; sourceTree = "<group>"; };
		F2609E25209F06F800E0E93D /* AgrumeImage.swift */ = {isa = PBXFileReference; lastKnownFileType = sourcecode.swift; path = AgrumeImage.swift; sourceTree = "<group>"; };
		F2609E27209F2BC600E0E93D /* Configuration.swift */ = {isa = PBXFileReference; lastKnownFileType = sourcecode.swift; path = Configuration.swift; sourceTree = "<group>"; };
		F2609E29209F2E0200E0E93D /* UIKit+Agrume.swift */ = {isa = PBXFileReference; lastKnownFileType = sourcecode.swift; path = "UIKit+Agrume.swift"; sourceTree = "<group>"; };
		F2A51FEE1B10E00700924912 /* Agrume.framework */ = {isa = PBXFileReference; explicitFileType = wrapper.framework; includeInIndex = 0; path = Agrume.framework; sourceTree = BUILT_PRODUCTS_DIR; };
		F2A51FF21B10E00700924912 /* Info.plist */ = {isa = PBXFileReference; lastKnownFileType = text.plist.xml; path = Info.plist; sourceTree = "<group>"; };
		F2A51FF31B10E00700924912 /* Agrume.h */ = {isa = PBXFileReference; lastKnownFileType = sourcecode.c.h; path = Agrume.h; sourceTree = "<group>"; };
		F2A51FF91B10E00700924912 /* AgrumeTests.xctest */ = {isa = PBXFileReference; explicitFileType = wrapper.cfbundle; includeInIndex = 0; path = AgrumeTests.xctest; sourceTree = BUILT_PRODUCTS_DIR; };
		F2A51FFF1B10E00700924912 /* Info.plist */ = {isa = PBXFileReference; lastKnownFileType = text.plist.xml; path = Info.plist; sourceTree = "<group>"; };
		F2A5200A1B10E29B00924912 /* Agrume.swift */ = {isa = PBXFileReference; fileEncoding = 4; lastKnownFileType = sourcecode.swift; path = Agrume.swift; sourceTree = "<group>"; };
		F2D9598B1B1A108800073772 /* AgrumeCell.swift */ = {isa = PBXFileReference; fileEncoding = 4; lastKnownFileType = sourcecode.swift; path = AgrumeCell.swift; sourceTree = "<group>"; };
		F2DC79D51B170C4B00818A8C /* ImageDownloader.swift */ = {isa = PBXFileReference; fileEncoding = 4; lastKnownFileType = sourcecode.swift; path = ImageDownloader.swift; sourceTree = "<group>"; };
		F2EE29AD209F31B800F281A2 /* Foundation+Agrume.swift */ = {isa = PBXFileReference; lastKnownFileType = sourcecode.swift; path = "Foundation+Agrume.swift"; sourceTree = "<group>"; };
/* End PBXFileReference section */

/* Begin PBXFrameworksBuildPhase section */
		F2A51FEA1B10E00700924912 /* Frameworks */ = {
			isa = PBXFrameworksBuildPhase;
			buildActionMask = 2147483647;
			files = (
			);
			runOnlyForDeploymentPostprocessing = 0;
		};
		F2A51FF61B10E00700924912 /* Frameworks */ = {
			isa = PBXFrameworksBuildPhase;
			buildActionMask = 2147483647;
			files = (
				F2A51FFA1B10E00700924912 /* Agrume.framework in Frameworks */,
			);
			runOnlyForDeploymentPostprocessing = 0;
		};
/* End PBXFrameworksBuildPhase section */

/* Begin PBXGroup section */
		F20B98AA21B8687600585F48 /* Products */ = {
			isa = PBXGroup;
			children = (
				F20B98B021B8687600585F48 /* SwiftyGifExample.app */,
				F20B98B221B8687600585F48 /* SwiftyGifTests.xctest */,
				F20B98B421B8687600585F48 /* SwiftyGif.framework */,
			);
			name = Products;
			sourceTree = "<group>";
		};
		F2539B9A20F22D6F00062C80 /* Frameworks */ = {
			isa = PBXGroup;
			children = (
			);
			name = Frameworks;
			sourceTree = "<group>";
		};
		F2A51FE41B10E00700924912 = {
			isa = PBXGroup;
			children = (
				F20B98A921B8687600585F48 /* SwiftyGif.xcodeproj */,
				F2A51FF01B10E00700924912 /* Agrume */,
				F2A51FFD1B10E00700924912 /* AgrumeTests */,
				F2A51FEF1B10E00700924912 /* Products */,
				F2539B9A20F22D6F00062C80 /* Frameworks */,
			);
			indentWidth = 2;
			sourceTree = "<group>";
			tabWidth = 2;
		};
		F2A51FEF1B10E00700924912 /* Products */ = {
			isa = PBXGroup;
			children = (
				F2A51FEE1B10E00700924912 /* Agrume.framework */,
				F2A51FF91B10E00700924912 /* AgrumeTests.xctest */,
			);
			name = Products;
			sourceTree = "<group>";
		};
		F2A51FF01B10E00700924912 /* Agrume */ = {
			isa = PBXGroup;
			children = (
				F2A51FF31B10E00700924912 /* Agrume.h */,
				F2A5200A1B10E29B00924912 /* Agrume.swift */,
				F2D9598B1B1A108800073772 /* AgrumeCell.swift */,
				F2609E22209F047200E0E93D /* AgrumeDataSource.swift */,
				F2609E25209F06F800E0E93D /* AgrumeImage.swift */,
				F2539BA020F22E7700062C80 /* AgrumeOverlayView.swift */,
				94318E531D32612D0096215A /* AgrumeServiceLocator.swift */,
				F2609E27209F2BC600E0E93D /* Configuration.swift */,
				F2EE29AD209F31B800F281A2 /* Foundation+Agrume.swift */,
				F2DC79D51B170C4B00818A8C /* ImageDownloader.swift */,
				F2A51FF11B10E00700924912 /* Supporting Files */,
				F2609E29209F2E0200E0E93D /* UIKit+Agrume.swift */,
			);
			path = Agrume;
			sourceTree = "<group>";
		};
		F2A51FF11B10E00700924912 /* Supporting Files */ = {
			isa = PBXGroup;
			children = (
				F2A51FF21B10E00700924912 /* Info.plist */,
			);
			name = "Supporting Files";
			sourceTree = "<group>";
		};
		F2A51FFD1B10E00700924912 /* AgrumeTests */ = {
			isa = PBXGroup;
			children = (
				F2A51FFE1B10E00700924912 /* Supporting Files */,
			);
			path = AgrumeTests;
			sourceTree = "<group>";
		};
		F2A51FFE1B10E00700924912 /* Supporting Files */ = {
			isa = PBXGroup;
			children = (
				F2A51FFF1B10E00700924912 /* Info.plist */,
			);
			name = "Supporting Files";
			sourceTree = "<group>";
		};
/* End PBXGroup section */

/* Begin PBXHeadersBuildPhase section */
		F2A51FEB1B10E00700924912 /* Headers */ = {
			isa = PBXHeadersBuildPhase;
			buildActionMask = 2147483647;
			files = (
				F2A51FF41B10E00700924912 /* Agrume.h in Headers */,
			);
			runOnlyForDeploymentPostprocessing = 0;
		};
/* End PBXHeadersBuildPhase section */

/* Begin PBXNativeTarget section */
		F2A51FED1B10E00700924912 /* Agrume */ = {
			isa = PBXNativeTarget;
			buildConfigurationList = F2A520041B10E00700924912 /* Build configuration list for PBXNativeTarget "Agrume" */;
			buildPhases = (
				F2A51FE91B10E00700924912 /* Sources */,
				F2A51FEA1B10E00700924912 /* Frameworks */,
				F2A51FEB1B10E00700924912 /* Headers */,
				F2A51FEC1B10E00700924912 /* Resources */,
				77CAF6741FADFD45000C0929 /* Run SwiftLint */,
			);
			buildRules = (
			);
			dependencies = (
				F20B98B621B8688200585F48 /* PBXTargetDependency */,
			);
			name = Agrume;
			productName = Agrume;
			productReference = F2A51FEE1B10E00700924912 /* Agrume.framework */;
			productType = "com.apple.product-type.framework";
		};
		F2A51FF81B10E00700924912 /* AgrumeTests */ = {
			isa = PBXNativeTarget;
			buildConfigurationList = F2A520071B10E00700924912 /* Build configuration list for PBXNativeTarget "AgrumeTests" */;
			buildPhases = (
				F2A51FF51B10E00700924912 /* Sources */,
				F2A51FF61B10E00700924912 /* Frameworks */,
				F2A51FF71B10E00700924912 /* Resources */,
			);
			buildRules = (
			);
			dependencies = (
				F2A51FFC1B10E00700924912 /* PBXTargetDependency */,
			);
			name = AgrumeTests;
			productName = AgrumeTests;
			productReference = F2A51FF91B10E00700924912 /* AgrumeTests.xctest */;
			productType = "com.apple.product-type.bundle.unit-test";
		};
/* End PBXNativeTarget section */

/* Begin PBXProject section */
		F2A51FE51B10E00700924912 /* Project object */ = {
			isa = PBXProject;
			attributes = {
				LastSwiftMigration = 0700;
				LastSwiftUpdateCheck = 0730;
				LastUpgradeCheck = 0930;
				ORGANIZATIONNAME = Schnaub;
				TargetAttributes = {
					F2A51FED1B10E00700924912 = {
						CreatedOnToolsVersion = 6.3.2;
						LastSwiftMigration = 1000;
					};
					F2A51FF81B10E00700924912 = {
						CreatedOnToolsVersion = 6.3.2;
						LastSwiftMigration = 0900;
					};
				};
			};
			buildConfigurationList = F2A51FE81B10E00700924912 /* Build configuration list for PBXProject "Agrume" */;
			compatibilityVersion = "Xcode 3.2";
			developmentRegion = English;
			hasScannedForEncodings = 0;
			knownRegions = (
				en,
			);
			mainGroup = F2A51FE41B10E00700924912;
			productRefGroup = F2A51FEF1B10E00700924912 /* Products */;
			projectDirPath = "";
			projectReferences = (
				{
					ProductGroup = F20B98AA21B8687600585F48 /* Products */;
					ProjectRef = F20B98A921B8687600585F48 /* SwiftyGif.xcodeproj */;
				},
			);
			projectRoot = "";
			targets = (
				F2A51FED1B10E00700924912 /* Agrume */,
				F2A51FF81B10E00700924912 /* AgrumeTests */,
			);
		};
/* End PBXProject section */

/* Begin PBXReferenceProxy section */
		F20B98B021B8687600585F48 /* SwiftyGifExample.app */ = {
			isa = PBXReferenceProxy;
			fileType = wrapper.application;
			path = SwiftyGifExample.app;
			remoteRef = F20B98AF21B8687600585F48 /* PBXContainerItemProxy */;
			sourceTree = BUILT_PRODUCTS_DIR;
		};
		F20B98B221B8687600585F48 /* SwiftyGifTests.xctest */ = {
			isa = PBXReferenceProxy;
			fileType = wrapper.cfbundle;
			path = SwiftyGifTests.xctest;
			remoteRef = F20B98B121B8687600585F48 /* PBXContainerItemProxy */;
			sourceTree = BUILT_PRODUCTS_DIR;
		};
		F20B98B421B8687600585F48 /* SwiftyGif.framework */ = {
			isa = PBXReferenceProxy;
			fileType = wrapper.framework;
			path = SwiftyGif.framework;
			remoteRef = F20B98B321B8687600585F48 /* PBXContainerItemProxy */;
			sourceTree = BUILT_PRODUCTS_DIR;
		};
/* End PBXReferenceProxy section */

/* Begin PBXResourcesBuildPhase section */
		F2A51FEC1B10E00700924912 /* Resources */ = {
			isa = PBXResourcesBuildPhase;
			buildActionMask = 2147483647;
			files = (
			);
			runOnlyForDeploymentPostprocessing = 0;
		};
		F2A51FF71B10E00700924912 /* Resources */ = {
			isa = PBXResourcesBuildPhase;
			buildActionMask = 2147483647;
			files = (
			);
			runOnlyForDeploymentPostprocessing = 0;
		};
/* End PBXResourcesBuildPhase section */

/* Begin PBXShellScriptBuildPhase section */
		77CAF6741FADFD45000C0929 /* Run SwiftLint */ = {
			isa = PBXShellScriptBuildPhase;
			buildActionMask = 2147483647;
			files = (
			);
			inputPaths = (
			);
			name = "Run SwiftLint";
			outputPaths = (
			);
			runOnlyForDeploymentPostprocessing = 0;
			shellPath = /bin/sh;
			shellScript = "if which swiftlint >/dev/null; then\n  swiftlint\nfi\n";
		};
/* End PBXShellScriptBuildPhase section */

/* Begin PBXSourcesBuildPhase section */
		F2A51FE91B10E00700924912 /* Sources */ = {
			isa = PBXSourcesBuildPhase;
			buildActionMask = 2147483647;
			files = (
				F2D9598C1B1A108800073772 /* AgrumeCell.swift in Sources */,
				F2609E26209F06F800E0E93D /* AgrumeImage.swift in Sources */,
				F2609E2A209F2E0200E0E93D /* UIKit+Agrume.swift in Sources */,
				F2609E28209F2BC600E0E93D /* Configuration.swift in Sources */,
				F2EE29AE209F31B800F281A2 /* Foundation+Agrume.swift in Sources */,
				F2DC79D61B170C4B00818A8C /* ImageDownloader.swift in Sources */,
				F2539BA120F22E7700062C80 /* AgrumeOverlayView.swift in Sources */,
				F2609E23209F047200E0E93D /* AgrumeDataSource.swift in Sources */,
				F2A5200B1B10E29B00924912 /* Agrume.swift in Sources */,
				94318E541D32612D0096215A /* AgrumeServiceLocator.swift in Sources */,
			);
			runOnlyForDeploymentPostprocessing = 0;
		};
		F2A51FF51B10E00700924912 /* Sources */ = {
			isa = PBXSourcesBuildPhase;
			buildActionMask = 2147483647;
			files = (
			);
			runOnlyForDeploymentPostprocessing = 0;
		};
/* End PBXSourcesBuildPhase section */

/* Begin PBXTargetDependency section */
		F20B98B621B8688200585F48 /* PBXTargetDependency */ = {
			isa = PBXTargetDependency;
			name = SwiftyGif;
			targetProxy = F20B98B521B8688200585F48 /* PBXContainerItemProxy */;
		};
		F2A51FFC1B10E00700924912 /* PBXTargetDependency */ = {
			isa = PBXTargetDependency;
			target = F2A51FED1B10E00700924912 /* Agrume */;
			targetProxy = F2A51FFB1B10E00700924912 /* PBXContainerItemProxy */;
		};
/* End PBXTargetDependency section */

/* Begin XCBuildConfiguration section */
		F2A520021B10E00700924912 /* Debug */ = {
			isa = XCBuildConfiguration;
			buildSettings = {
				ALWAYS_SEARCH_USER_PATHS = NO;
				CLANG_CXX_LANGUAGE_STANDARD = "gnu++0x";
				CLANG_CXX_LIBRARY = "libc++";
				CLANG_ENABLE_MODULES = YES;
				CLANG_ENABLE_OBJC_ARC = YES;
				CLANG_WARN_BLOCK_CAPTURE_AUTORELEASING = YES;
				CLANG_WARN_BOOL_CONVERSION = YES;
				CLANG_WARN_COMMA = YES;
				CLANG_WARN_CONSTANT_CONVERSION = YES;
				CLANG_WARN_DEPRECATED_OBJC_IMPLEMENTATIONS = YES;
				CLANG_WARN_DIRECT_OBJC_ISA_USAGE = YES_ERROR;
				CLANG_WARN_EMPTY_BODY = YES;
				CLANG_WARN_ENUM_CONVERSION = YES;
				CLANG_WARN_INFINITE_RECURSION = YES;
				CLANG_WARN_INT_CONVERSION = YES;
				CLANG_WARN_NON_LITERAL_NULL_CONVERSION = YES;
				CLANG_WARN_OBJC_IMPLICIT_RETAIN_SELF = YES;
				CLANG_WARN_OBJC_LITERAL_CONVERSION = YES;
				CLANG_WARN_OBJC_ROOT_CLASS = YES_ERROR;
				CLANG_WARN_RANGE_LOOP_ANALYSIS = YES;
				CLANG_WARN_STRICT_PROTOTYPES = YES;
				CLANG_WARN_SUSPICIOUS_MOVE = YES;
				CLANG_WARN_UNREACHABLE_CODE = YES;
				CLANG_WARN__DUPLICATE_METHOD_MATCH = YES;
				"CODE_SIGN_IDENTITY[sdk=iphoneos*]" = "iPhone Developer";
				COPY_PHASE_STRIP = NO;
				CURRENT_PROJECT_VERSION = 1;
				DEBUG_INFORMATION_FORMAT = "dwarf-with-dsym";
				ENABLE_STRICT_OBJC_MSGSEND = YES;
				ENABLE_TESTABILITY = YES;
				GCC_C_LANGUAGE_STANDARD = gnu99;
				GCC_DYNAMIC_NO_PIC = NO;
				GCC_NO_COMMON_BLOCKS = YES;
				GCC_OPTIMIZATION_LEVEL = 0;
				GCC_PREPROCESSOR_DEFINITIONS = (
					"DEBUG=1",
					"$(inherited)",
				);
				GCC_SYMBOLS_PRIVATE_EXTERN = NO;
				GCC_WARN_64_TO_32_BIT_CONVERSION = YES;
				GCC_WARN_ABOUT_RETURN_TYPE = YES_ERROR;
				GCC_WARN_UNDECLARED_SELECTOR = YES;
				GCC_WARN_UNINITIALIZED_AUTOS = YES_AGGRESSIVE;
				GCC_WARN_UNUSED_FUNCTION = YES;
				GCC_WARN_UNUSED_VARIABLE = YES;
				IPHONEOS_DEPLOYMENT_TARGET = 9.0;
				MTL_ENABLE_DEBUG_INFO = YES;
				ONLY_ACTIVE_ARCH = YES;
				SDKROOT = iphoneos;
				SWIFT_OPTIMIZATION_LEVEL = "-Onone";
				TARGETED_DEVICE_FAMILY = "1,2";
				VERSIONING_SYSTEM = "apple-generic";
				VERSION_INFO_PREFIX = "";
			};
			name = Debug;
		};
		F2A520031B10E00700924912 /* Release */ = {
			isa = XCBuildConfiguration;
			buildSettings = {
				ALWAYS_SEARCH_USER_PATHS = NO;
				CLANG_CXX_LANGUAGE_STANDARD = "gnu++0x";
				CLANG_CXX_LIBRARY = "libc++";
				CLANG_ENABLE_MODULES = YES;
				CLANG_ENABLE_OBJC_ARC = YES;
				CLANG_WARN_BLOCK_CAPTURE_AUTORELEASING = YES;
				CLANG_WARN_BOOL_CONVERSION = YES;
				CLANG_WARN_COMMA = YES;
				CLANG_WARN_CONSTANT_CONVERSION = YES;
				CLANG_WARN_DEPRECATED_OBJC_IMPLEMENTATIONS = YES;
				CLANG_WARN_DIRECT_OBJC_ISA_USAGE = YES_ERROR;
				CLANG_WARN_EMPTY_BODY = YES;
				CLANG_WARN_ENUM_CONVERSION = YES;
				CLANG_WARN_INFINITE_RECURSION = YES;
				CLANG_WARN_INT_CONVERSION = YES;
				CLANG_WARN_NON_LITERAL_NULL_CONVERSION = YES;
				CLANG_WARN_OBJC_IMPLICIT_RETAIN_SELF = YES;
				CLANG_WARN_OBJC_LITERAL_CONVERSION = YES;
				CLANG_WARN_OBJC_ROOT_CLASS = YES_ERROR;
				CLANG_WARN_RANGE_LOOP_ANALYSIS = YES;
				CLANG_WARN_STRICT_PROTOTYPES = YES;
				CLANG_WARN_SUSPICIOUS_MOVE = YES;
				CLANG_WARN_UNREACHABLE_CODE = YES;
				CLANG_WARN__DUPLICATE_METHOD_MATCH = YES;
				"CODE_SIGN_IDENTITY[sdk=iphoneos*]" = "iPhone Developer";
				COPY_PHASE_STRIP = NO;
				CURRENT_PROJECT_VERSION = 1;
				DEBUG_INFORMATION_FORMAT = "dwarf-with-dsym";
				ENABLE_NS_ASSERTIONS = NO;
				ENABLE_STRICT_OBJC_MSGSEND = YES;
				GCC_C_LANGUAGE_STANDARD = gnu99;
				GCC_NO_COMMON_BLOCKS = YES;
				GCC_WARN_64_TO_32_BIT_CONVERSION = YES;
				GCC_WARN_ABOUT_RETURN_TYPE = YES_ERROR;
				GCC_WARN_UNDECLARED_SELECTOR = YES;
				GCC_WARN_UNINITIALIZED_AUTOS = YES_AGGRESSIVE;
				GCC_WARN_UNUSED_FUNCTION = YES;
				GCC_WARN_UNUSED_VARIABLE = YES;
				IPHONEOS_DEPLOYMENT_TARGET = 9.0;
				MTL_ENABLE_DEBUG_INFO = NO;
				SDKROOT = iphoneos;
				SWIFT_OPTIMIZATION_LEVEL = "-Owholemodule";
				TARGETED_DEVICE_FAMILY = "1,2";
				VALIDATE_PRODUCT = YES;
				VERSIONING_SYSTEM = "apple-generic";
				VERSION_INFO_PREFIX = "";
			};
			name = Release;
		};
		F2A520051B10E00700924912 /* Debug */ = {
			isa = XCBuildConfiguration;
			buildSettings = {
				CLANG_ENABLE_MODULES = YES;
				"CODE_SIGN_IDENTITY[sdk=iphoneos*]" = "";
				DEFINES_MODULE = YES;
				DYLIB_COMPATIBILITY_VERSION = 1;
				DYLIB_CURRENT_VERSION = 1;
				DYLIB_INSTALL_NAME_BASE = "@rpath";
				ENABLE_TESTABILITY = YES;
				INFOPLIST_FILE = Agrume/Info.plist;
				INSTALL_PATH = "$(LOCAL_LIBRARY_DIR)/Frameworks";
				LD_RUNPATH_SEARCH_PATHS = "$(inherited) @executable_path/Frameworks @loader_path/Frameworks";
				PRODUCT_BUNDLE_IDENTIFIER = "com.schnaub.$(PRODUCT_NAME:rfc1034identifier)";
				PRODUCT_NAME = "$(TARGET_NAME)";
				SKIP_INSTALL = YES;
				SWIFT_OPTIMIZATION_LEVEL = "-Onone";
				SWIFT_VERSION = 4.2;
			};
			name = Debug;
		};
		F2A520061B10E00700924912 /* Release */ = {
			isa = XCBuildConfiguration;
			buildSettings = {
				CLANG_ENABLE_MODULES = YES;
				"CODE_SIGN_IDENTITY[sdk=iphoneos*]" = "";
				DEFINES_MODULE = YES;
				DYLIB_COMPATIBILITY_VERSION = 1;
				DYLIB_CURRENT_VERSION = 1;
				DYLIB_INSTALL_NAME_BASE = "@rpath";
				ENABLE_TESTABILITY = YES;
				INFOPLIST_FILE = Agrume/Info.plist;
				INSTALL_PATH = "$(LOCAL_LIBRARY_DIR)/Frameworks";
				LD_RUNPATH_SEARCH_PATHS = "$(inherited) @executable_path/Frameworks @loader_path/Frameworks";
				PRODUCT_BUNDLE_IDENTIFIER = "com.schnaub.$(PRODUCT_NAME:rfc1034identifier)";
				PRODUCT_NAME = "$(TARGET_NAME)";
				SKIP_INSTALL = YES;
				SWIFT_VERSION = 4.2;
			};
			name = Release;
		};
		F2A520081B10E00700924912 /* Debug */ = {
			isa = XCBuildConfiguration;
			buildSettings = {
				CLANG_ENABLE_MODULES = YES;
				GCC_PREPROCESSOR_DEFINITIONS = (
					"DEBUG=1",
					"$(inherited)",
				);
				INFOPLIST_FILE = AgrumeTests/Info.plist;
				LD_RUNPATH_SEARCH_PATHS = "$(inherited) @executable_path/Frameworks @loader_path/Frameworks";
				PRODUCT_BUNDLE_IDENTIFIER = "com.schnaub.$(PRODUCT_NAME:rfc1034identifier)";
				PRODUCT_NAME = "$(TARGET_NAME)";
				SWIFT_OPTIMIZATION_LEVEL = "-Onone";
				SWIFT_SWIFT3_OBJC_INFERENCE = Off;
				SWIFT_VERSION = 4.0;
			};
			name = Debug;
		};
		F2A520091B10E00700924912 /* Release */ = {
			isa = XCBuildConfiguration;
			buildSettings = {
				CLANG_ENABLE_MODULES = YES;
				INFOPLIST_FILE = AgrumeTests/Info.plist;
				LD_RUNPATH_SEARCH_PATHS = "$(inherited) @executable_path/Frameworks @loader_path/Frameworks";
				PRODUCT_BUNDLE_IDENTIFIER = "com.schnaub.$(PRODUCT_NAME:rfc1034identifier)";
				PRODUCT_NAME = "$(TARGET_NAME)";
				SWIFT_SWIFT3_OBJC_INFERENCE = Off;
				SWIFT_VERSION = 4.0;
			};
			name = Release;
		};
/* End XCBuildConfiguration section */

/* Begin XCConfigurationList section */
		F2A51FE81B10E00700924912 /* Build configuration list for PBXProject "Agrume" */ = {
			isa = XCConfigurationList;
			buildConfigurations = (
				F2A520021B10E00700924912 /* Debug */,
				F2A520031B10E00700924912 /* Release */,
			);
			defaultConfigurationIsVisible = 0;
			defaultConfigurationName = Release;
		};
		F2A520041B10E00700924912 /* Build configuration list for PBXNativeTarget "Agrume" */ = {
			isa = XCConfigurationList;
			buildConfigurations = (
				F2A520051B10E00700924912 /* Debug */,
				F2A520061B10E00700924912 /* Release */,
			);
			defaultConfigurationIsVisible = 0;
			defaultConfigurationName = Release;
		};
		F2A520071B10E00700924912 /* Build configuration list for PBXNativeTarget "AgrumeTests" */ = {
			isa = XCConfigurationList;
			buildConfigurations = (
				F2A520081B10E00700924912 /* Debug */,
				F2A520091B10E00700924912 /* Release */,
			);
			defaultConfigurationIsVisible = 0;
			defaultConfigurationName = Release;
		};
/* End XCConfigurationList section */
	};
	rootObject = F2A51FE51B10E00700924912 /* Project object */;
}
